
Microsoft Visual Studio Solution File, Format Version 12.00
# Visual Studio Version 16
VisualStudioVersion = 16.0.30011.22
MinimumVisualStudioVersion = 10.0.40219.1
Project("{FAE04EC0-301F-11D3-BF4B-00C04F79EFBC}") = "0506Client", "0506Client\0506Client.csproj", "{CFDCA7DB-23E9-4AEE-B58E-B87EC8CAEF95}"
EndProject
Global
	GlobalSection(SolutionConfigurationPlatforms) = preSolution
		Debug|Any CPU = Debug|Any CPU
		Release|Any CPU = Release|Any CPU
	EndGlobalSection
	GlobalSection(ProjectConfigurationPlatforms) = postSolution
		{CFDCA7DB-23E9-4AEE-B58E-B87EC8CAEF95}.Debug|Any CPU.ActiveCfg = Debug|Any CPU
		{CFDCA7DB-23E9-4AEE-B58E-B87EC8CAEF95}.Debug|Any CPU.Build.0 = Debug|Any CPU
		{CFDCA7DB-23E9-4AEE-B58E-B87EC8CAEF95}.Release|Any CPU.ActiveCfg = Release|Any CPU
		{CFDCA7DB-23E9-4AEE-B58E-B87EC8CAEF95}.Release|Any CPU.Build.0 = Release|Any CPU
	EndGlobalSection
	GlobalSection(SolutionProperties) = preSolution
		HideSolutionNode = FALSE
	EndGlobalSection
	GlobalSection(ExtensibilityGlobals) = postSolution
		SolutionGuid = {50D4A26B-F398-4F0A-BFF3-FFF545CD0507}
	EndGlobalSection
EndGlobal
