
Microsoft Visual Studio Solution File, Format Version 12.00
# Visual Studio Version 16
VisualStudioVersion = 16.0.30011.22
MinimumVisualStudioVersion = 10.0.40219.1
Project("{FAE04EC0-301F-11D3-BF4B-00C04F79EFBC}") = "0428MiniProject", "_0428프로젝트\0428MiniProject.csproj", "{7B9E7DF6-87B8-4BA5-8D08-361DD89CDA78}"
EndProject
Global
	GlobalSection(SolutionConfigurationPlatforms) = preSolution
		Debug|Any CPU = Debug|Any CPU
		Release|Any CPU = Release|Any CPU
	EndGlobalSection
	GlobalSection(ProjectConfigurationPlatforms) = postSolution
		{7B9E7DF6-87B8-4BA5-8D08-361DD89CDA78}.Debug|Any CPU.ActiveCfg = Debug|Any CPU
		{7B9E7DF6-87B8-4BA5-8D08-361DD89CDA78}.Debug|Any CPU.Build.0 = Debug|Any CPU
		{7B9E7DF6-87B8-4BA5-8D08-361DD89CDA78}.Release|Any CPU.ActiveCfg = Release|Any CPU
		{7B9E7DF6-87B8-4BA5-8D08-361DD89CDA78}.Release|Any CPU.Build.0 = Release|Any CPU
	EndGlobalSection
	GlobalSection(SolutionProperties) = preSolution
		HideSolutionNode = FALSE
	EndGlobalSection
	GlobalSection(ExtensibilityGlobals) = postSolution
		SolutionGuid = {4D9F4279-712D-41F3-886C-38FD440E8B0C}
	EndGlobalSection
EndGlobal
